
Microsoft Visual Studio Solution File, Format Version 12.00
# Visual Studio 2017
Project("{FAE04EC0-301F-11D3-BF4B-00C04F79EFBC}") = "Cloudus365", "Cloudus365.csproj", "{D0783F2B-407E-3C56-D715-1751424B8D46}"
EndProject
Project("{FAE04EC0-301F-11D3-BF4B-00C04F79EFBC}") = "Cloudus365.Editor", "Cloudus365.Editor.csproj", "{81090C7B-10DC-BA38-C811-6F8DCA352FEF}"
EndProject
Global
	GlobalSection(SolutionConfigurationPlatforms) = preSolution
		Debug|Any CPU = Debug|Any CPU
		Release|Any CPU = Release|Any CPU
	EndGlobalSection
	GlobalSection(ProjectConfigurationPlatforms) = postSolution
		{D0783F2B-407E-3C56-D715-1751424B8D46}.Debug|Any CPU.ActiveCfg = Debug|Any CPU
		{D0783F2B-407E-3C56-D715-1751424B8D46}.Debug|Any CPU.Build.0 = Debug|Any CPU
		{D0783F2B-407E-3C56-D715-1751424B8D46}.Release|Any CPU.ActiveCfg = Release|Any CPU
		{D0783F2B-407E-3C56-D715-1751424B8D46}.Release|Any CPU.Build.0 = Release|Any CPU
		{81090C7B-10DC-BA38-C811-6F8DCA352FEF}.Debug|Any CPU.ActiveCfg = Debug|Any CPU
		{81090C7B-10DC-BA38-C811-6F8DCA352FEF}.Debug|Any CPU.Build.0 = Debug|Any CPU
		{81090C7B-10DC-BA38-C811-6F8DCA352FEF}.Release|Any CPU.ActiveCfg = Release|Any CPU
		{81090C7B-10DC-BA38-C811-6F8DCA352FEF}.Release|Any CPU.Build.0 = Release|Any CPU
	EndGlobalSection
	GlobalSection(SolutionProperties) = preSolution
		HideSolutionNode = FALSE
	EndGlobalSection
EndGlobal
