
Microsoft Visual Studio Solution File, Format Version 12.00
# Visual Studio 2017
Project("{FAE04EC0-301F-11D3-BF4B-00C04F79EFBC}") = "Cloudus 365", "Cloudus 365.csproj", "{A7327EFA-08B1-3483-2BA5-1EFFAC7DF3FC}"
EndProject
Global
	GlobalSection(SolutionConfigurationPlatforms) = preSolution
		Debug|Any CPU = Debug|Any CPU
		Release|Any CPU = Release|Any CPU
	EndGlobalSection
	GlobalSection(ProjectConfigurationPlatforms) = postSolution
		{A7327EFA-08B1-3483-2BA5-1EFFAC7DF3FC}.Debug|Any CPU.ActiveCfg = Debug|Any CPU
		{A7327EFA-08B1-3483-2BA5-1EFFAC7DF3FC}.Debug|Any CPU.Build.0 = Debug|Any CPU
		{A7327EFA-08B1-3483-2BA5-1EFFAC7DF3FC}.Release|Any CPU.ActiveCfg = Release|Any CPU
		{A7327EFA-08B1-3483-2BA5-1EFFAC7DF3FC}.Release|Any CPU.Build.0 = Release|Any CPU
	EndGlobalSection
	GlobalSection(SolutionProperties) = preSolution
		HideSolutionNode = FALSE
	EndGlobalSection
EndGlobal
