
Microsoft Visual Studio Solution File, Format Version 12.00
# Visual Studio 2017
Project("{FAE04EC0-301F-11D3-BF4B-00C04F79EFBC}") = "Cloudus-365", "Cloudus-365.csproj", "{4AC8E4EC-6B18-DF72-5570-8F8F68B78D61}"
EndProject
Global
	GlobalSection(SolutionConfigurationPlatforms) = preSolution
		Debug|Any CPU = Debug|Any CPU
		Release|Any CPU = Release|Any CPU
	EndGlobalSection
	GlobalSection(ProjectConfigurationPlatforms) = postSolution
		{4AC8E4EC-6B18-DF72-5570-8F8F68B78D61}.Debug|Any CPU.ActiveCfg = Debug|Any CPU
		{4AC8E4EC-6B18-DF72-5570-8F8F68B78D61}.Debug|Any CPU.Build.0 = Debug|Any CPU
		{4AC8E4EC-6B18-DF72-5570-8F8F68B78D61}.Release|Any CPU.ActiveCfg = Release|Any CPU
		{4AC8E4EC-6B18-DF72-5570-8F8F68B78D61}.Release|Any CPU.Build.0 = Release|Any CPU
	EndGlobalSection
	GlobalSection(SolutionProperties) = preSolution
		HideSolutionNode = FALSE
	EndGlobalSection
EndGlobal
